
Microsoft Visual Studio Solution File, Format Version 12.00
# Visual Studio 15
VisualStudioVersion = 15.0.28307.572
MinimumVisualStudioVersion = 10.0.40219.1
Project("{FAE04EC0-301F-11D3-BF4B-00C04F79EFBC}") = "ScheduleIt2.0", "ScheduleIt2.0\ScheduleIt2.0.csproj", "{5EF0E472-E0C3-46D1-B1E4-4BEE6EDB459A}"
EndProject
Global
	GlobalSection(SolutionConfigurationPlatforms) = preSolution
		Debug|Any CPU = Debug|Any CPU
		Release|Any CPU = Release|Any CPU
	EndGlobalSection
	GlobalSection(ProjectConfigurationPlatforms) = postSolution
		{5EF0E472-E0C3-46D1-B1E4-4BEE6EDB459A}.Debug|Any CPU.ActiveCfg = Debug|Any CPU
		{5EF0E472-E0C3-46D1-B1E4-4BEE6EDB459A}.Debug|Any CPU.Build.0 = Debug|Any CPU
		{5EF0E472-E0C3-46D1-B1E4-4BEE6EDB459A}.Release|Any CPU.ActiveCfg = Release|Any CPU
		{5EF0E472-E0C3-46D1-B1E4-4BEE6EDB459A}.Release|Any CPU.Build.0 = Release|Any CPU
	EndGlobalSection
	GlobalSection(SolutionProperties) = preSolution
		HideSolutionNode = FALSE
	EndGlobalSection
	GlobalSection(ExtensibilityGlobals) = postSolution
		SolutionGuid = {2FA50BB4-6F4E-43E3-9E5A-AEF20E0C9617}
	EndGlobalSection
EndGlobal
